# This file is automatically @generated by Poetry 1.4.2 and should not be changed by hand.

[[package]]
name = "ril"
version = "0.4.0"
description = "Rust Imaging Library's Python binding: A performant and high-level image processing library for Python written in Rust"
category = "main"
optional = false
python-versions = ">=3.7"
files = [
    {file = "ril-0.4.0-cp37-abi3-macosx_10_9_x86_64.macosx_11_0_arm64.macosx_10_9_universal2.whl", hash = "sha256:e05bb121714b6209a050dab83b0326b13d6a668a8153ccc84366f38f5333b276"},
    {file = "ril-0.4.0-cp37-abi3-macosx_10_9_x86_64.whl", hash = "sha256:08007fc2e9604dd3b78a2c4b1db0ced2f3724f57c429544a222cb858b1bc5550"},
    {file = "ril-0.4.0-cp37-abi3-macosx_11_0_arm64.whl", hash = "sha256:02afa3129e7af6d4bf92d3659d25b0310d1ebc9c9e0f8435b2831b745c0d9625"},
    {file = "ril-0.4.0-cp37-abi3-manylinux_2_17_x86_64.manylinux2014_x86_64.whl", hash = "sha256:be33ec499d957cab232271c50f6076da2e09b4c7f4fd49aa145bd7be25e0e7ec"},
    {file = "ril-0.4.0-cp37-abi3-manylinux_2_5_i686.manylinux1_i686.manylinux_2_17_i686.manylinux2014_i686.whl", hash = "sha256:a49a34d75640aade88d8105d396e185be01be5bb62846457c407120f8e64fd0b"},
    {file = "ril-0.4.0-cp37-abi3-musllinux_1_1_x86_64.whl", hash = "sha256:22985938f6e3de254a4ecafaa41c4a3bd65252a59717e3c356c141824d63c918"},
    {file = "ril-0.4.0-cp37-abi3-win32.whl", hash = "sha256:aede770ea16cc6a9d52797113f1032012aca7347eba8303c32f97705840bcb4b"},
    {file = "ril-0.4.0-cp37-abi3-win_amd64.whl", hash = "sha256:e1eb3d4a04663012e39a72c282b66e51cf14dd4e90ffcffeeb87f11624f8413b"},
    {file = "ril-0.4.0-pp37-pypy37_pp73-macosx_10_9_x86_64.whl", hash = "sha256:14c2ed2a9a0a5b1d6f282d5c985110117a76ecb7f35474aff2a5b6190f6c181e"},
    {file = "ril-0.4.0-pp37-pypy37_pp73-manylinux_2_17_x86_64.manylinux2014_x86_64.whl", hash = "sha256:911525799dfa6428a638b609c9e8d855d2869c36689b8e4630e6c7884e6848fb"},
    {file = "ril-0.4.0-pp37-pypy37_pp73-manylinux_2_5_i686.manylinux1_i686.manylinux_2_17_i686.manylinux2014_i686.whl", hash = "sha256:0e2b01b72e43bae4f26d736c36d72e8224f1cb7b4a3b0eb28eb6384a32fd6c75"},
    {file = "ril-0.4.0-pp37-pypy37_pp73-win_amd64.whl", hash = "sha256:7c43e288018e2bccde40e02491220d2ab6ccfd08a45edacd8cd757e296840a2f"},
    {file = "ril-0.4.0-pp38-pypy38_pp73-macosx_10_9_x86_64.whl", hash = "sha256:c4870e9cf17d186666f34dc9dec632b86e7129b388bee7599ed7b1ca6b91c5be"},
    {file = "ril-0.4.0-pp38-pypy38_pp73-manylinux_2_17_x86_64.manylinux2014_x86_64.whl", hash = "sha256:add8e9978fdc5626dd7408c3891b2e792cafc3257464fc13393eb67babe60048"},
    {file = "ril-0.4.0-pp38-pypy38_pp73-manylinux_2_5_i686.manylinux1_i686.manylinux_2_17_i686.manylinux2014_i686.whl", hash = "sha256:047fbe5182854543094c6eaa43d6e293a1d724283172a839079125fbf4636997"},
    {file = "ril-0.4.0-pp38-pypy38_pp73-win_amd64.whl", hash = "sha256:8906dea0ab80970561acf131a79028971cbbb18515de20fed788d82c7fd1b0e2"},
    {file = "ril-0.4.0-pp39-pypy39_pp73-macosx_10_9_x86_64.whl", hash = "sha256:16f86507022bba33e0f0819ef550148121d84720b24e5f28d59cdd64636047d9"},
    {file = "ril-0.4.0-pp39-pypy39_pp73-manylinux_2_17_x86_64.manylinux2014_x86_64.whl", hash = "sha256:024e7f0e778fdbc8676f442e4728ea7ef47ed91f0e49ff4b9767675c62aa2cc6"},
    {file = "ril-0.4.0-pp39-pypy39_pp73-manylinux_2_5_i686.manylinux1_i686.manylinux_2_17_i686.manylinux2014_i686.whl", hash = "sha256:2eb1e007e080f558169aa5764f5a7af31b5431a44c0de8c733b8705350e117b9"},
    {file = "ril-0.4.0-pp39-pypy39_pp73-win_amd64.whl", hash = "sha256:6fdb13d0fada523795c4f2e349fc946937ee7550aeef89245a4196d2f6452405"},
    {file = "ril-0.4.0.tar.gz", hash = "sha256:5677d6448b04baf5cf13da77c42be912d35220aae0258ac248e2b97bf4a5f248"},
]

[package.extras]
docs = ["furo", "sphinx", "sphinx-copybutton", "sphinxext-opengraph"]

[metadata]
lock-version = "2.0"
python-versions = "^3.10"
content-hash = "17ec6cfc9ed9e009e702a0fcfea4187c47da47c69acf26cec62b4c329baca541"
